
Microsoft Visual Studio Solution File, Format Version 12.00
# Visual Studio 15
VisualStudioVersion = 15.0.26430.4
MinimumVisualStudioVersion = 10.0.40219.1
Project("{FAE04EC0-301F-11D3-BF4B-00C04F79EFBC}") = "RainWorldInject", "RainWorldInject\RainWorldInject.csproj", "{2EBF1BEB-479E-4583-9F70-0BC6E1EA6BA5}"
	ProjectSection(ProjectDependencies) = postProject
		{520881EE-0D30-4F11-91DF-7E7328CE189A} = {520881EE-0D30-4F11-91DF-7E7328CE189A}
	EndProjectSection
EndProject
Project("{FAE04EC0-301F-11D3-BF4B-00C04F79EFBC}") = "MyMod", "MyMod\MyMod.csproj", "{520881EE-0D30-4F11-91DF-7E7328CE189A}"
EndProject
Global
	GlobalSection(SolutionConfigurationPlatforms) = preSolution
		Debug|Any CPU = Debug|Any CPU
		Release|Any CPU = Release|Any CPU
	EndGlobalSection
	GlobalSection(ProjectConfigurationPlatforms) = postSolution
		{2EBF1BEB-479E-4583-9F70-0BC6E1EA6BA5}.Debug|Any CPU.ActiveCfg = Debug|Any CPU
		{2EBF1BEB-479E-4583-9F70-0BC6E1EA6BA5}.Debug|Any CPU.Build.0 = Debug|Any CPU
		{2EBF1BEB-479E-4583-9F70-0BC6E1EA6BA5}.Release|Any CPU.ActiveCfg = Release|Any CPU
		{2EBF1BEB-479E-4583-9F70-0BC6E1EA6BA5}.Release|Any CPU.Build.0 = Release|Any CPU
		{520881EE-0D30-4F11-91DF-7E7328CE189A}.Debug|Any CPU.ActiveCfg = Debug|Any CPU
		{520881EE-0D30-4F11-91DF-7E7328CE189A}.Debug|Any CPU.Build.0 = Debug|Any CPU
		{520881EE-0D30-4F11-91DF-7E7328CE189A}.Release|Any CPU.ActiveCfg = Release|Any CPU
		{520881EE-0D30-4F11-91DF-7E7328CE189A}.Release|Any CPU.Build.0 = Release|Any CPU
	EndGlobalSection
	GlobalSection(SolutionProperties) = preSolution
		HideSolutionNode = FALSE
	EndGlobalSection
EndGlobal
