
Microsoft Visual Studio Solution File, Format Version 12.00
# Visual Studio 15
VisualStudioVersion = 15.0.26430.4
MinimumVisualStudioVersion = 10.0.40219.1
Project("{FAE04EC0-301F-11D3-BF4B-00C04F79EFBC}") = "RainWorldInject", "RainWorldInject\RainWorldInject.csproj", "{2EBF1BEB-479E-4583-9F70-0BC6E1EA6BA5}"
EndProject
Project("{FAE04EC0-301F-11D3-BF4B-00C04F79EFBC}") = "Modding", "ModLoader\Modding.csproj", "{A7D73C5F-410E-4984-A997-B8D8094038B9}"
EndProject
Project("{FAE04EC0-301F-11D3-BF4B-00C04F79EFBC}") = "CamoMod", "CamoMod\CamoMod.csproj", "{FA43F087-50E7-48F3-A907-14F7D024D0BC}"
EndProject
Project("{FAE04EC0-301F-11D3-BF4B-00C04F79EFBC}") = "CoopMod", "CoopMod\CoopMod.csproj", "{EAA49728-FBEB-4FA0-BD99-4BBDB3B238FA}"
EndProject
Project("{FAE04EC0-301F-11D3-BF4B-00C04F79EFBC}") = "ReplayGhostMod", "ReplayGhostMod\ReplayGhostMod.csproj", "{F244C2DE-B822-4A06-9AAE-9AE93F72B48E}"
EndProject
Project("{FAE04EC0-301F-11D3-BF4B-00C04F79EFBC}") = "DevToolsMod", "DevTools\DevToolsMod.csproj", "{2F8403C7-8FB6-4F71-894C-A4DEC432F4F7}"
EndProject
Global
	GlobalSection(SolutionConfigurationPlatforms) = preSolution
		Debug|Any CPU = Debug|Any CPU
		Release|Any CPU = Release|Any CPU
	EndGlobalSection
	GlobalSection(ProjectConfigurationPlatforms) = postSolution
		{2EBF1BEB-479E-4583-9F70-0BC6E1EA6BA5}.Debug|Any CPU.ActiveCfg = Debug|Any CPU
		{2EBF1BEB-479E-4583-9F70-0BC6E1EA6BA5}.Debug|Any CPU.Build.0 = Debug|Any CPU
		{2EBF1BEB-479E-4583-9F70-0BC6E1EA6BA5}.Release|Any CPU.ActiveCfg = Release|Any CPU
		{2EBF1BEB-479E-4583-9F70-0BC6E1EA6BA5}.Release|Any CPU.Build.0 = Release|Any CPU
		{A7D73C5F-410E-4984-A997-B8D8094038B9}.Debug|Any CPU.ActiveCfg = Debug|Any CPU
		{A7D73C5F-410E-4984-A997-B8D8094038B9}.Debug|Any CPU.Build.0 = Debug|Any CPU
		{A7D73C5F-410E-4984-A997-B8D8094038B9}.Release|Any CPU.ActiveCfg = Release|Any CPU
		{A7D73C5F-410E-4984-A997-B8D8094038B9}.Release|Any CPU.Build.0 = Release|Any CPU
		{FA43F087-50E7-48F3-A907-14F7D024D0BC}.Debug|Any CPU.ActiveCfg = Debug|Any CPU
		{FA43F087-50E7-48F3-A907-14F7D024D0BC}.Debug|Any CPU.Build.0 = Debug|Any CPU
		{FA43F087-50E7-48F3-A907-14F7D024D0BC}.Release|Any CPU.ActiveCfg = Release|Any CPU
		{FA43F087-50E7-48F3-A907-14F7D024D0BC}.Release|Any CPU.Build.0 = Release|Any CPU
		{EAA49728-FBEB-4FA0-BD99-4BBDB3B238FA}.Debug|Any CPU.ActiveCfg = Debug|Any CPU
		{EAA49728-FBEB-4FA0-BD99-4BBDB3B238FA}.Debug|Any CPU.Build.0 = Debug|Any CPU
		{EAA49728-FBEB-4FA0-BD99-4BBDB3B238FA}.Release|Any CPU.ActiveCfg = Release|Any CPU
		{EAA49728-FBEB-4FA0-BD99-4BBDB3B238FA}.Release|Any CPU.Build.0 = Release|Any CPU
		{F244C2DE-B822-4A06-9AAE-9AE93F72B48E}.Debug|Any CPU.ActiveCfg = Debug|Any CPU
		{F244C2DE-B822-4A06-9AAE-9AE93F72B48E}.Release|Any CPU.ActiveCfg = Release|Any CPU
		{F244C2DE-B822-4A06-9AAE-9AE93F72B48E}.Release|Any CPU.Build.0 = Release|Any CPU
		{2F8403C7-8FB6-4F71-894C-A4DEC432F4F7}.Debug|Any CPU.ActiveCfg = Debug|Any CPU
		{2F8403C7-8FB6-4F71-894C-A4DEC432F4F7}.Release|Any CPU.ActiveCfg = Release|Any CPU
		{2F8403C7-8FB6-4F71-894C-A4DEC432F4F7}.Release|Any CPU.Build.0 = Release|Any CPU
	EndGlobalSection
	GlobalSection(SolutionProperties) = preSolution
		HideSolutionNode = FALSE
	EndGlobalSection
EndGlobal
